// !$*UTF8*$!
{
	archiveVersion = 1;
	classes = {
	};
	objectVersion = 51;
	objects = {

/* Begin PBXBuildFile section */
		772F1BDA27828033B394FE5B /* Pods_WhereGoWithoutSB.framework in Frameworks */ = {isa = PBXBuildFile; fileRef = 10B34FD96B04F238164D35FA /* Pods_WhereGoWithoutSB.framework */; };
		EF33F58D2541FAA100593C46 /* CategoryCollectionViewCell.swift in Sources */ = {isa = PBXBuildFile; fileRef = EF33F58C2541FAA100593C46 /* CategoryCollectionViewCell.swift */; };
		EF33F58F254207E800593C46 /* CategoryItem.swift in Sources */ = {isa = PBXBuildFile; fileRef = EF33F58E254207E800593C46 /* CategoryItem.swift */; };
		EF33F59325430F4400593C46 /* CategoryViewController.swift in Sources */ = {isa = PBXBuildFile; fileRef = EF33F59225430F4400593C46 /* CategoryViewController.swift */; };
		EF33F59525430F9500593C46 /* CategoryElements.swift in Sources */ = {isa = PBXBuildFile; fileRef = EF33F59425430F9500593C46 /* CategoryElements.swift */; };
		EF33F598254360BA00593C46 /* CategoryTableViewCell.swift in Sources */ = {isa = PBXBuildFile; fileRef = EF33F597254360BA00593C46 /* CategoryTableViewCell.swift */; };
		EF355AD3254045AD00B260E6 /* AppDelegate.swift in Sources */ = {isa = PBXBuildFile; fileRef = EF355AD2254045AD00B260E6 /* AppDelegate.swift */; };
		EF355ADF254045B000B260E6 /* LaunchScreen.storyboard in Resources */ = {isa = PBXBuildFile; fileRef = EF355ADD254045B000B260E6 /* LaunchScreen.storyboard */; };
		EF355AEA2540474300B260E6 /* CategoriesViewController.swift in Sources */ = {isa = PBXBuildFile; fileRef = EF355AE92540474300B260E6 /* CategoriesViewController.swift */; };
		EF355AEC2540518600B260E6 /* MapViewController.swift in Sources */ = {isa = PBXBuildFile; fileRef = EF355AEB2540518600B260E6 /* MapViewController.swift */; };
		EF355AEE254051A400B260E6 /* MeViewController.swift in Sources */ = {isa = PBXBuildFile; fileRef = EF355AED254051A400B260E6 /* MeViewController.swift */; };
		EF355AF025409F7300B260E6 /* CustomLayoutSwift.swift in Sources */ = {isa = PBXBuildFile; fileRef = EF355AEF25409F7300B260E6 /* CustomLayoutSwift.swift */; };
		EF37ADC8257A9AC0006B99C4 /* PlaceCollectionViewCell.swift in Sources */ = {isa = PBXBuildFile; fileRef = EF37ADC7257A9AC0006B99C4 /* PlaceCollectionViewCell.swift */; };
		EF38AA122551D5BB00385632 /* Assets.xcassets in Resources */ = {isa = PBXBuildFile; fileRef = EF38AA112551D5BB00385632 /* Assets.xcassets */; };
		EF3CFD172575994400F201C7 /* GoogleService-Info.plist in Resources */ = {isa = PBXBuildFile; fileRef = EF3CFD162575994400F201C7 /* GoogleService-Info.plist */; };
		EF3E22D42567F3340090FF59 /* SkolSerifa.ttf in Resources */ = {isa = PBXBuildFile; fileRef = EF3E22D32567F3340090FF59 /* SkolSerifa.ttf */; };
		EF3E22D62567F3570090FF59 /* CM_GARDEN_R.ttf in Resources */ = {isa = PBXBuildFile; fileRef = EF3E22D52567F3570090FF59 /* CM_GARDEN_R.ttf */; };
		EF3EF572256A8CB1007E6E33 /* NaturalMono-Regular.ttf in Resources */ = {isa = PBXBuildFile; fileRef = EF3EF571256A8CB1007E6E33 /* NaturalMono-Regular.ttf */; };
		EF3EF574256ACA2F007E6E33 /* PlaceViewController.swift in Sources */ = {isa = PBXBuildFile; fileRef = EF3EF573256ACA2F007E6E33 /* PlaceViewController.swift */; };
		EF3EF576256AF352007E6E33 /* NetworkManager.swift in Sources */ = {isa = PBXBuildFile; fileRef = EF3EF575256AF352007E6E33 /* NetworkManager.swift */; };
		EF3F8C5625782D0B00B103A1 /* SignInViewController.swift in Sources */ = {isa = PBXBuildFile; fileRef = EF3F8C5525782D0B00B103A1 /* SignInViewController.swift */; };
		EF3F8C5825782D1B00B103A1 /* SignUpViewController.swift in Sources */ = {isa = PBXBuildFile; fileRef = EF3F8C5725782D1B00B103A1 /* SignUpViewController.swift */; };
		EFAAB068256464EC00900DE0 /* CategoryPresenter.swift in Sources */ = {isa = PBXBuildFile; fileRef = EFAAB067256464EC00900DE0 /* CategoryPresenter.swift */; };
		EFAAB06A2564651800900DE0 /* CategoryProtocols.swift in Sources */ = {isa = PBXBuildFile; fileRef = EFAAB0692564651800900DE0 /* CategoryProtocols.swift */; };
		EFAAB06C256465F300900DE0 /* CategoryRouter.swift in Sources */ = {isa = PBXBuildFile; fileRef = EFAAB06B256465F300900DE0 /* CategoryRouter.swift */; };
		EFAAB06E2564660500900DE0 /* CategoryInteractor.swift in Sources */ = {isa = PBXBuildFile; fileRef = EFAAB06D2564660500900DE0 /* CategoryInteractor.swift */; };
		EFAAB0702564662B00900DE0 /* CategoryContainer.swift in Sources */ = {isa = PBXBuildFile; fileRef = EFAAB06F2564662B00900DE0 /* CategoryContainer.swift */; };
		EFAEA30C25770FB300F4FB7D /* WelcomeViewController.swift in Sources */ = {isa = PBXBuildFile; fileRef = EFAEA30B25770FB300F4FB7D /* WelcomeViewController.swift */; };
		EFAEA30E257716C900F4FB7D /* POEVeticaVanta.otf in Resources */ = {isa = PBXBuildFile; fileRef = EFAEA30D257716C900F4FB7D /* POEVeticaVanta.otf */; };
/* End PBXBuildFile section */

/* Begin PBXFileReference section */
		10B34FD96B04F238164D35FA /* Pods_WhereGoWithoutSB.framework */ = {isa = PBXFileReference; explicitFileType = wrapper.framework; includeInIndex = 0; path = Pods_WhereGoWithoutSB.framework; sourceTree = BUILT_PRODUCTS_DIR; };
		32413FC7EE826EE816762BCD /* Pods-WhereGoWithoutSB.release.xcconfig */ = {isa = PBXFileReference; includeInIndex = 1; lastKnownFileType = text.xcconfig; name = "Pods-WhereGoWithoutSB.release.xcconfig"; path = "Target Support Files/Pods-WhereGoWithoutSB/Pods-WhereGoWithoutSB.release.xcconfig"; sourceTree = "<group>"; };
		D8389969A86C86FC42F03C3C /* Pods-WhereGoWithoutSB.debug.xcconfig */ = {isa = PBXFileReference; includeInIndex = 1; lastKnownFileType = text.xcconfig; name = "Pods-WhereGoWithoutSB.debug.xcconfig"; path = "Target Support Files/Pods-WhereGoWithoutSB/Pods-WhereGoWithoutSB.debug.xcconfig"; sourceTree = "<group>"; };
		EF33F58C2541FAA100593C46 /* CategoryCollectionViewCell.swift */ = {isa = PBXFileReference; lastKnownFileType = sourcecode.swift; path = CategoryCollectionViewCell.swift; sourceTree = "<group>"; };
		EF33F58E254207E800593C46 /* CategoryItem.swift */ = {isa = PBXFileReference; lastKnownFileType = sourcecode.swift; path = CategoryItem.swift; sourceTree = "<group>"; };
		EF33F59225430F4400593C46 /* CategoryViewController.swift */ = {isa = PBXFileReference; lastKnownFileType = sourcecode.swift; path = CategoryViewController.swift; sourceTree = "<group>"; };
		EF33F59425430F9500593C46 /* CategoryElements.swift */ = {isa = PBXFileReference; lastKnownFileType = sourcecode.swift; path = CategoryElements.swift; sourceTree = "<group>"; };
		EF33F597254360BA00593C46 /* CategoryTableViewCell.swift */ = {isa = PBXFileReference; lastKnownFileType = sourcecode.swift; path = CategoryTableViewCell.swift; sourceTree = "<group>"; };
		EF355ACF254045AD00B260E6 /* Kolobok.app */ = {isa = PBXFileReference; explicitFileType = wrapper.application; includeInIndex = 0; path = Kolobok.app; sourceTree = BUILT_PRODUCTS_DIR; };
		EF355AD2254045AD00B260E6 /* AppDelegate.swift */ = {isa = PBXFileReference; lastKnownFileType = sourcecode.swift; path = AppDelegate.swift; sourceTree = "<group>"; };
		EF355ADE254045B000B260E6 /* Base */ = {isa = PBXFileReference; lastKnownFileType = file.storyboard; name = Base; path = Base.lproj/LaunchScreen.storyboard; sourceTree = "<group>"; };
		EF355AE0254045B000B260E6 /* Info.plist */ = {isa = PBXFileReference; lastKnownFileType = text.plist.xml; path = Info.plist; sourceTree = "<group>"; };
		EF355AE92540474300B260E6 /* CategoriesViewController.swift */ = {isa = PBXFileReference; lastKnownFileType = sourcecode.swift; path = CategoriesViewController.swift; sourceTree = "<group>"; };
		EF355AEB2540518600B260E6 /* MapViewController.swift */ = {isa = PBXFileReference; lastKnownFileType = sourcecode.swift; path = MapViewController.swift; sourceTree = "<group>"; };
		EF355AED254051A400B260E6 /* MeViewController.swift */ = {isa = PBXFileReference; lastKnownFileType = sourcecode.swift; path = MeViewController.swift; sourceTree = "<group>"; };
		EF355AEF25409F7300B260E6 /* CustomLayoutSwift.swift */ = {isa = PBXFileReference; lastKnownFileType = sourcecode.swift; path = CustomLayoutSwift.swift; sourceTree = "<group>"; };
		EF37ADC7257A9AC0006B99C4 /* PlaceCollectionViewCell.swift */ = {isa = PBXFileReference; lastKnownFileType = sourcecode.swift; path = PlaceCollectionViewCell.swift; sourceTree = "<group>"; };
		EF38AA112551D5BB00385632 /* Assets.xcassets */ = {isa = PBXFileReference; lastKnownFileType = folder.assetcatalog; name = Assets.xcassets; path = WhereGoWithoutSB/Assets.xcassets; sourceTree = "<group>"; };
		EF3CFD162575994400F201C7 /* GoogleService-Info.plist */ = {isa = PBXFileReference; fileEncoding = 4; lastKnownFileType = text.plist.xml; path = "GoogleService-Info.plist"; sourceTree = "<group>"; };
		EF3E22D32567F3340090FF59 /* SkolSerifa.ttf */ = {isa = PBXFileReference; lastKnownFileType = file; name = SkolSerifa.ttf; path = ../../../../../Downloads/SkolSerifa.ttf; sourceTree = "<group>"; };
		EF3E22D52567F3570090FF59 /* CM_GARDEN_R.ttf */ = {isa = PBXFileReference; lastKnownFileType = file; path = CM_GARDEN_R.ttf; sourceTree = "<group>"; };
		EF3EF571256A8CB1007E6E33 /* NaturalMono-Regular.ttf */ = {isa = PBXFileReference; lastKnownFileType = file; path = "NaturalMono-Regular.ttf"; sourceTree = "<group>"; };
		EF3EF573256ACA2F007E6E33 /* PlaceViewController.swift */ = {isa = PBXFileReference; lastKnownFileType = sourcecode.swift; path = PlaceViewController.swift; sourceTree = "<group>"; };
		EF3EF575256AF352007E6E33 /* NetworkManager.swift */ = {isa = PBXFileReference; fileEncoding = 4; lastKnownFileType = sourcecode.swift; path = NetworkManager.swift; sourceTree = "<group>"; };
		EF3F8C5525782D0B00B103A1 /* SignInViewController.swift */ = {isa = PBXFileReference; lastKnownFileType = sourcecode.swift; path = SignInViewController.swift; sourceTree = "<group>"; };
		EF3F8C5725782D1B00B103A1 /* SignUpViewController.swift */ = {isa = PBXFileReference; lastKnownFileType = sourcecode.swift; path = SignUpViewController.swift; sourceTree = "<group>"; };
		EFAAB067256464EC00900DE0 /* CategoryPresenter.swift */ = {isa = PBXFileReference; lastKnownFileType = sourcecode.swift; path = CategoryPresenter.swift; sourceTree = "<group>"; };
		EFAAB0692564651800900DE0 /* CategoryProtocols.swift */ = {isa = PBXFileReference; lastKnownFileType = sourcecode.swift; path = CategoryProtocols.swift; sourceTree = "<group>"; };
		EFAAB06B256465F300900DE0 /* CategoryRouter.swift */ = {isa = PBXFileReference; lastKnownFileType = sourcecode.swift; path = CategoryRouter.swift; sourceTree = "<group>"; };
		EFAAB06D2564660500900DE0 /* CategoryInteractor.swift */ = {isa = PBXFileReference; lastKnownFileType = sourcecode.swift; path = CategoryInteractor.swift; sourceTree = "<group>"; };
		EFAAB06F2564662B00900DE0 /* CategoryContainer.swift */ = {isa = PBXFileReference; lastKnownFileType = sourcecode.swift; path = CategoryContainer.swift; sourceTree = "<group>"; };
		EFAEA30B25770FB300F4FB7D /* WelcomeViewController.swift */ = {isa = PBXFileReference; lastKnownFileType = sourcecode.swift; path = WelcomeViewController.swift; sourceTree = "<group>"; };
		EFAEA30D257716C900F4FB7D /* POEVeticaVanta.otf */ = {isa = PBXFileReference; lastKnownFileType = file; path = POEVeticaVanta.otf; sourceTree = "<group>"; };
/* End PBXFileReference section */

/* Begin PBXFrameworksBuildPhase section */
		EF355ACC254045AD00B260E6 /* Frameworks */ = {
			isa = PBXFrameworksBuildPhase;
			buildActionMask = 2147483647;
			files = (
				772F1BDA27828033B394FE5B /* Pods_WhereGoWithoutSB.framework in Frameworks */,
			);
			runOnlyForDeploymentPostprocessing = 0;
		};
/* End PBXFrameworksBuildPhase section */

/* Begin PBXGroup section */
		988D662103D83A0F3DE08E8E /* Pods */ = {
			isa = PBXGroup;
			children = (
				D8389969A86C86FC42F03C3C /* Pods-WhereGoWithoutSB.debug.xcconfig */,
				32413FC7EE826EE816762BCD /* Pods-WhereGoWithoutSB.release.xcconfig */,
			);
			path = Pods;
			sourceTree = "<group>";
		};
		EF33F59025430CD500593C46 /* CategoriesScreen */ = {
			isa = PBXGroup;
			children = (
				EF33F58E254207E800593C46 /* CategoryItem.swift */,
				EF33F58C2541FAA100593C46 /* CategoryCollectionViewCell.swift */,
				EF355AEF25409F7300B260E6 /* CustomLayoutSwift.swift */,
				EF355AE92540474300B260E6 /* CategoriesViewController.swift */,
			);
			path = CategoriesScreen;
			sourceTree = "<group>";
		};
		EF33F59125430CFC00593C46 /* CategoryScreen */ = {
			isa = PBXGroup;
			children = (
				EF3EF577256AF77F007E6E33 /* CategoryElement(Place) */,
				EFAAB0662564643000900DE0 /* CategoryElements */,
			);
			path = CategoryScreen;
			sourceTree = "<group>";
		};
		EF33F59625430F9B00593C46 /* Models */ = {
			isa = PBXGroup;
			children = (
				EF33F59425430F9500593C46 /* CategoryElements.swift */,
			);
			path = Models;
			sourceTree = "<group>";
		};
		EF355AC6254045AD00B260E6 = {
			isa = PBXGroup;
			children = (
				EF38AA112551D5BB00385632 /* Assets.xcassets */,
				EF355AD1254045AD00B260E6 /* WhereGoWithoutSB */,
				EF355AD0254045AD00B260E6 /* Products */,
				988D662103D83A0F3DE08E8E /* Pods */,
				FCA04E9C79FBF5364839C8F7 /* Frameworks */,
			);
			sourceTree = "<group>";
		};
		EF355AD0254045AD00B260E6 /* Products */ = {
			isa = PBXGroup;
			children = (
				EF355ACF254045AD00B260E6 /* Kolobok.app */,
			);
			name = Products;
			sourceTree = "<group>";
		};
		EF355AD1254045AD00B260E6 /* WhereGoWithoutSB */ = {
			isa = PBXGroup;
			children = (
				EFFE0EBC25671F9A009943B9 /* Fonts */,
				EF33F59625430F9B00593C46 /* Models */,
				EF355AE8254046F600B260E6 /* Me */,
				EF355AE7254046C300B260E6 /* Map */,
				EF355AE6254046B100B260E6 /* Home */,
				EF3F8C5925782D2F00B103A1 /* Auth */,
				EF355AD2254045AD00B260E6 /* AppDelegate.swift */,
				EFAEA30B25770FB300F4FB7D /* WelcomeViewController.swift */,
				EF355ADD254045B000B260E6 /* LaunchScreen.storyboard */,
				EF355AE0254045B000B260E6 /* Info.plist */,
				EF3CFD162575994400F201C7 /* GoogleService-Info.plist */,
			);
			path = WhereGoWithoutSB;
			sourceTree = "<group>";
		};
		EF355AE6254046B100B260E6 /* Home */ = {
			isa = PBXGroup;
			children = (
				EF33F59025430CD500593C46 /* CategoriesScreen */,
				EF33F59125430CFC00593C46 /* CategoryScreen */,
			);
			path = Home;
			sourceTree = "<group>";
		};
		EF355AE7254046C300B260E6 /* Map */ = {
			isa = PBXGroup;
			children = (
				EF355AEB2540518600B260E6 /* MapViewController.swift */,
			);
			path = Map;
			sourceTree = "<group>";
		};
		EF355AE8254046F600B260E6 /* Me */ = {
			isa = PBXGroup;
			children = (
				EF355AED254051A400B260E6 /* MeViewController.swift */,
			);
			path = Me;
			sourceTree = "<group>";
		};
		EF3EF577256AF77F007E6E33 /* CategoryElement(Place) */ = {
			isa = PBXGroup;
			children = (
				EF3EF573256ACA2F007E6E33 /* PlaceViewController.swift */,
				EF37ADC7257A9AC0006B99C4 /* PlaceCollectionViewCell.swift */,
			);
			path = "CategoryElement(Place)";
			sourceTree = "<group>";
		};
		EF3F8C5925782D2F00B103A1 /* Auth */ = {
			isa = PBXGroup;
			children = (
				EF3F8C5525782D0B00B103A1 /* SignInViewController.swift */,
				EF3F8C5725782D1B00B103A1 /* SignUpViewController.swift */,
			);
			path = Auth;
			sourceTree = "<group>";
		};
		EFAAB0662564643000900DE0 /* CategoryElements */ = {
			isa = PBXGroup;
			children = (
				EF3EF575256AF352007E6E33 /* NetworkManager.swift */,
				EFAAB0712564677000900DE0 /* Views */,
				EFAAB067256464EC00900DE0 /* CategoryPresenter.swift */,
				EFAAB06B256465F300900DE0 /* CategoryRouter.swift */,
				EF33F59225430F4400593C46 /* CategoryViewController.swift */,
				EFAAB0692564651800900DE0 /* CategoryProtocols.swift */,
				EFAAB06D2564660500900DE0 /* CategoryInteractor.swift */,
				EFAAB06F2564662B00900DE0 /* CategoryContainer.swift */,
			);
			path = CategoryElements;
			sourceTree = "<group>";
		};
		EFAAB0712564677000900DE0 /* Views */ = {
			isa = PBXGroup;
			children = (
				EF33F597254360BA00593C46 /* CategoryTableViewCell.swift */,
			);
			path = Views;
			sourceTree = "<group>";
		};
		EFFE0EBC25671F9A009943B9 /* Fonts */ = {
			isa = PBXGroup;
			children = (
				EF3EF571256A8CB1007E6E33 /* NaturalMono-Regular.ttf */,
				EFAEA30D257716C900F4FB7D /* POEVeticaVanta.otf */,
				EF3E22D32567F3340090FF59 /* SkolSerifa.ttf */,
				EF3E22D52567F3570090FF59 /* CM_GARDEN_R.ttf */,
			);
			path = Fonts;
			sourceTree = "<group>";
		};
		FCA04E9C79FBF5364839C8F7 /* Frameworks */ = {
			isa = PBXGroup;
			children = (
				10B34FD96B04F238164D35FA /* Pods_WhereGoWithoutSB.framework */,
			);
			name = Frameworks;
			sourceTree = "<group>";
		};
/* End PBXGroup section */

/* Begin PBXNativeTarget section */
		EF355ACE254045AD00B260E6 /* WhereGoWithoutSB */ = {
			isa = PBXNativeTarget;
			buildConfigurationList = EF355AE3254045B000B260E6 /* Build configuration list for PBXNativeTarget "WhereGoWithoutSB" */;
			buildPhases = (
				C87E2933624F85003C81CE05 /* [CP] Check Pods Manifest.lock */,
				EF355ACB254045AD00B260E6 /* Sources */,
				EF355ACC254045AD00B260E6 /* Frameworks */,
				EF355ACD254045AD00B260E6 /* Resources */,
				E4C015520FBF69978D337201 /* [CP] Copy Pods Resources */,
				4CF7FF6DDD4CD9BC4FB4747F /* [CP] Embed Pods Frameworks */,
			);
			buildRules = (
			);
			dependencies = (
			);
			name = WhereGoWithoutSB;
			productName = WhereGoWithoutSB;
			productReference = EF355ACF254045AD00B260E6 /* Kolobok.app */;
			productType = "com.apple.product-type.application";
		};
/* End PBXNativeTarget section */

/* Begin PBXProject section */
		EF355AC7254045AD00B260E6 /* Project object */ = {
			isa = PBXProject;
			attributes = {
				LastSwiftUpdateCheck = 1170;
				LastUpgradeCheck = 1170;
				ORGANIZATIONNAME = "Мехрафруз";
				TargetAttributes = {
					EF355ACE254045AD00B260E6 = {
						CreatedOnToolsVersion = 11.7;
					};
				};
			};
			buildConfigurationList = EF355ACA254045AD00B260E6 /* Build configuration list for PBXProject "WhereGoWithoutSB" */;
			compatibilityVersion = "Xcode 9.3";
			developmentRegion = en;
			hasScannedForEncodings = 0;
			knownRegions = (
				en,
				Base,
			);
			mainGroup = EF355AC6254045AD00B260E6;
			productRefGroup = EF355AD0254045AD00B260E6 /* Products */;
			projectDirPath = "";
			projectRoot = "";
			targets = (
				EF355ACE254045AD00B260E6 /* WhereGoWithoutSB */,
			);
		};
/* End PBXProject section */

/* Begin PBXResourcesBuildPhase section */
		EF355ACD254045AD00B260E6 /* Resources */ = {
			isa = PBXResourcesBuildPhase;
			buildActionMask = 2147483647;
			files = (
				EF3E22D62567F3570090FF59 /* CM_GARDEN_R.ttf in Resources */,
				EF3E22D42567F3340090FF59 /* SkolSerifa.ttf in Resources */,
				EFAEA30E257716C900F4FB7D /* POEVeticaVanta.otf in Resources */,
				EF3EF572256A8CB1007E6E33 /* NaturalMono-Regular.ttf in Resources */,
				EF38AA122551D5BB00385632 /* Assets.xcassets in Resources */,
				EF355ADF254045B000B260E6 /* LaunchScreen.storyboard in Resources */,
				EF3CFD172575994400F201C7 /* GoogleService-Info.plist in Resources */,
			);
			runOnlyForDeploymentPostprocessing = 0;
		};
/* End PBXResourcesBuildPhase section */

/* Begin PBXShellScriptBuildPhase section */
		4CF7FF6DDD4CD9BC4FB4747F /* [CP] Embed Pods Frameworks */ = {
			isa = PBXShellScriptBuildPhase;
			buildActionMask = 2147483647;
			files = (
			);
			inputFileListPaths = (
				"${PODS_ROOT}/Target Support Files/Pods-WhereGoWithoutSB/Pods-WhereGoWithoutSB-frameworks-${CONFIGURATION}-input-files.xcfilelist",
			);
			name = "[CP] Embed Pods Frameworks";
			outputFileListPaths = (
				"${PODS_ROOT}/Target Support Files/Pods-WhereGoWithoutSB/Pods-WhereGoWithoutSB-frameworks-${CONFIGURATION}-output-files.xcfilelist",
			);
			runOnlyForDeploymentPostprocessing = 0;
			shellPath = /bin/sh;
			shellScript = "\"${PODS_ROOT}/Target Support Files/Pods-WhereGoWithoutSB/Pods-WhereGoWithoutSB-frameworks.sh\"\n";
			showEnvVarsInLog = 0;
		};
		C87E2933624F85003C81CE05 /* [CP] Check Pods Manifest.lock */ = {
			isa = PBXShellScriptBuildPhase;
			buildActionMask = 2147483647;
			files = (
			);
			inputFileListPaths = (
			);
			inputPaths = (
				"${PODS_PODFILE_DIR_PATH}/Podfile.lock",
				"${PODS_ROOT}/Manifest.lock",
			);
			name = "[CP] Check Pods Manifest.lock";
			outputFileListPaths = (
			);
			outputPaths = (
				"$(DERIVED_FILE_DIR)/Pods-WhereGoWithoutSB-checkManifestLockResult.txt",
			);
			runOnlyForDeploymentPostprocessing = 0;
			shellPath = /bin/sh;
			shellScript = "diff \"${PODS_PODFILE_DIR_PATH}/Podfile.lock\" \"${PODS_ROOT}/Manifest.lock\" > /dev/null\nif [ $? != 0 ] ; then\n    # print error to STDERR\n    echo \"error: The sandbox is not in sync with the Podfile.lock. Run 'pod install' or update your CocoaPods installation.\" >&2\n    exit 1\nfi\n# This output is used by Xcode 'outputs' to avoid re-running this script phase.\necho \"SUCCESS\" > \"${SCRIPT_OUTPUT_FILE_0}\"\n";
			showEnvVarsInLog = 0;
		};
		E4C015520FBF69978D337201 /* [CP] Copy Pods Resources */ = {
			isa = PBXShellScriptBuildPhase;
			buildActionMask = 2147483647;
			files = (
			);
			inputFileListPaths = (
				"${PODS_ROOT}/Target Support Files/Pods-WhereGoWithoutSB/Pods-WhereGoWithoutSB-resources-${CONFIGURATION}-input-files.xcfilelist",
			);
			name = "[CP] Copy Pods Resources";
			outputFileListPaths = (
				"${PODS_ROOT}/Target Support Files/Pods-WhereGoWithoutSB/Pods-WhereGoWithoutSB-resources-${CONFIGURATION}-output-files.xcfilelist",
			);
			runOnlyForDeploymentPostprocessing = 0;
			shellPath = /bin/sh;
			shellScript = "\"${PODS_ROOT}/Target Support Files/Pods-WhereGoWithoutSB/Pods-WhereGoWithoutSB-resources.sh\"\n";
			showEnvVarsInLog = 0;
		};
/* End PBXShellScriptBuildPhase section */

/* Begin PBXSourcesBuildPhase section */
		EF355ACB254045AD00B260E6 /* Sources */ = {
			isa = PBXSourcesBuildPhase;
			buildActionMask = 2147483647;
			files = (
				EF355AF025409F7300B260E6 /* CustomLayoutSwift.swift in Sources */,
				EFAAB06A2564651800900DE0 /* CategoryProtocols.swift in Sources */,
				EF3EF574256ACA2F007E6E33 /* PlaceViewController.swift in Sources */,
				EF355AEA2540474300B260E6 /* CategoriesViewController.swift in Sources */,
				EFAAB06C256465F300900DE0 /* CategoryRouter.swift in Sources */,
				EF355AEC2540518600B260E6 /* MapViewController.swift in Sources */,
				EFAAB068256464EC00900DE0 /* CategoryPresenter.swift in Sources */,
				EF33F58F254207E800593C46 /* CategoryItem.swift in Sources */,
				EF33F59325430F4400593C46 /* CategoryViewController.swift in Sources */,
				EFAAB0702564662B00900DE0 /* CategoryContainer.swift in Sources */,
				EF3EF576256AF352007E6E33 /* NetworkManager.swift in Sources */,
				EF355AEE254051A400B260E6 /* MeViewController.swift in Sources */,
				EF33F58D2541FAA100593C46 /* CategoryCollectionViewCell.swift in Sources */,
				EFAAB06E2564660500900DE0 /* CategoryInteractor.swift in Sources */,
				EF37ADC8257A9AC0006B99C4 /* PlaceCollectionViewCell.swift in Sources */,
				EF33F598254360BA00593C46 /* CategoryTableViewCell.swift in Sources */,
				EF3F8C5825782D1B00B103A1 /* SignUpViewController.swift in Sources */,
				EF33F59525430F9500593C46 /* CategoryElements.swift in Sources */,
				EF3F8C5625782D0B00B103A1 /* SignInViewController.swift in Sources */,
				EF355AD3254045AD00B260E6 /* AppDelegate.swift in Sources */,
				EFAEA30C25770FB300F4FB7D /* WelcomeViewController.swift in Sources */,
			);
			runOnlyForDeploymentPostprocessing = 0;
		};
/* End PBXSourcesBuildPhase section */

/* Begin PBXVariantGroup section */
		EF355ADD254045B000B260E6 /* LaunchScreen.storyboard */ = {
			isa = PBXVariantGroup;
			children = (
				EF355ADE254045B000B260E6 /* Base */,
			);
			name = LaunchScreen.storyboard;
			sourceTree = "<group>";
		};
/* End PBXVariantGroup section */

/* Begin XCBuildConfiguration section */
		EF355AE1254045B000B260E6 /* Debug */ = {
			isa = XCBuildConfiguration;
			buildSettings = {
				ALWAYS_SEARCH_USER_PATHS = NO;
				CLANG_ANALYZER_NONNULL = YES;
				CLANG_ANALYZER_NUMBER_OBJECT_CONVERSION = YES_AGGRESSIVE;
				CLANG_CXX_LANGUAGE_STANDARD = "gnu++14";
				CLANG_CXX_LIBRARY = "libc++";
				CLANG_ENABLE_MODULES = YES;
				CLANG_ENABLE_OBJC_ARC = YES;
				CLANG_ENABLE_OBJC_WEAK = YES;
				CLANG_WARN_BLOCK_CAPTURE_AUTORELEASING = YES;
				CLANG_WARN_BOOL_CONVERSION = YES;
				CLANG_WARN_COMMA = YES;
				CLANG_WARN_CONSTANT_CONVERSION = YES;
				CLANG_WARN_DEPRECATED_OBJC_IMPLEMENTATIONS = YES;
				CLANG_WARN_DIRECT_OBJC_ISA_USAGE = YES_ERROR;
				CLANG_WARN_DOCUMENTATION_COMMENTS = YES;
				CLANG_WARN_EMPTY_BODY = YES;
				CLANG_WARN_ENUM_CONVERSION = YES;
				CLANG_WARN_INFINITE_RECURSION = YES;
				CLANG_WARN_INT_CONVERSION = YES;
				CLANG_WARN_NON_LITERAL_NULL_CONVERSION = YES;
				CLANG_WARN_OBJC_IMPLICIT_RETAIN_SELF = YES;
				CLANG_WARN_OBJC_LITERAL_CONVERSION = YES;
				CLANG_WARN_OBJC_ROOT_CLASS = YES_ERROR;
				CLANG_WARN_RANGE_LOOP_ANALYSIS = YES;
				CLANG_WARN_STRICT_PROTOTYPES = YES;
				CLANG_WARN_SUSPICIOUS_MOVE = YES;
				CLANG_WARN_UNGUARDED_AVAILABILITY = YES_AGGRESSIVE;
				CLANG_WARN_UNREACHABLE_CODE = YES;
				CLANG_WARN__DUPLICATE_METHOD_MATCH = YES;
				COPY_PHASE_STRIP = NO;
				DEBUG_INFORMATION_FORMAT = dwarf;
				ENABLE_STRICT_OBJC_MSGSEND = YES;
				ENABLE_TESTABILITY = YES;
				GCC_C_LANGUAGE_STANDARD = gnu11;
				GCC_DYNAMIC_NO_PIC = NO;
				GCC_NO_COMMON_BLOCKS = YES;
				GCC_OPTIMIZATION_LEVEL = 0;
				GCC_PREPROCESSOR_DEFINITIONS = (
					"DEBUG=1",
					"$(inherited)",
				);
				GCC_WARN_64_TO_32_BIT_CONVERSION = YES;
				GCC_WARN_ABOUT_RETURN_TYPE = YES_ERROR;
				GCC_WARN_UNDECLARED_SELECTOR = YES;
				GCC_WARN_UNINITIALIZED_AUTOS = YES_AGGRESSIVE;
				GCC_WARN_UNUSED_FUNCTION = YES;
				GCC_WARN_UNUSED_VARIABLE = YES;
				IPHONEOS_DEPLOYMENT_TARGET = 13.7;
				MTL_ENABLE_DEBUG_INFO = INCLUDE_SOURCE;
				MTL_FAST_MATH = YES;
				ONLY_ACTIVE_ARCH = YES;
				SDKROOT = iphoneos;
				SWIFT_ACTIVE_COMPILATION_CONDITIONS = DEBUG;
				SWIFT_OPTIMIZATION_LEVEL = "-Onone";
			};
			name = Debug;
		};
		EF355AE2254045B000B260E6 /* Release */ = {
			isa = XCBuildConfiguration;
			buildSettings = {
				ALWAYS_SEARCH_USER_PATHS = NO;
				CLANG_ANALYZER_NONNULL = YES;
				CLANG_ANALYZER_NUMBER_OBJECT_CONVERSION = YES_AGGRESSIVE;
				CLANG_CXX_LANGUAGE_STANDARD = "gnu++14";
				CLANG_CXX_LIBRARY = "libc++";
				CLANG_ENABLE_MODULES = YES;
				CLANG_ENABLE_OBJC_ARC = YES;
				CLANG_ENABLE_OBJC_WEAK = YES;
				CLANG_WARN_BLOCK_CAPTURE_AUTORELEASING = YES;
				CLANG_WARN_BOOL_CONVERSION = YES;
				CLANG_WARN_COMMA = YES;
				CLANG_WARN_CONSTANT_CONVERSION = YES;
				CLANG_WARN_DEPRECATED_OBJC_IMPLEMENTATIONS = YES;
				CLANG_WARN_DIRECT_OBJC_ISA_USAGE = YES_ERROR;
				CLANG_WARN_DOCUMENTATION_COMMENTS = YES;
				CLANG_WARN_EMPTY_BODY = YES;
				CLANG_WARN_ENUM_CONVERSION = YES;
				CLANG_WARN_INFINITE_RECURSION = YES;
				CLANG_WARN_INT_CONVERSION = YES;
				CLANG_WARN_NON_LITERAL_NULL_CONVERSION = YES;
				CLANG_WARN_OBJC_IMPLICIT_RETAIN_SELF = YES;
				CLANG_WARN_OBJC_LITERAL_CONVERSION = YES;
				CLANG_WARN_OBJC_ROOT_CLASS = YES_ERROR;
				CLANG_WARN_RANGE_LOOP_ANALYSIS = YES;
				CLANG_WARN_STRICT_PROTOTYPES = YES;
				CLANG_WARN_SUSPICIOUS_MOVE = YES;
				CLANG_WARN_UNGUARDED_AVAILABILITY = YES_AGGRESSIVE;
				CLANG_WARN_UNREACHABLE_CODE = YES;
				CLANG_WARN__DUPLICATE_METHOD_MATCH = YES;
				COPY_PHASE_STRIP = NO;
				DEBUG_INFORMATION_FORMAT = "dwarf-with-dsym";
				ENABLE_NS_ASSERTIONS = NO;
				ENABLE_STRICT_OBJC_MSGSEND = YES;
				GCC_C_LANGUAGE_STANDARD = gnu11;
				GCC_NO_COMMON_BLOCKS = YES;
				GCC_WARN_64_TO_32_BIT_CONVERSION = YES;
				GCC_WARN_ABOUT_RETURN_TYPE = YES_ERROR;
				GCC_WARN_UNDECLARED_SELECTOR = YES;
				GCC_WARN_UNINITIALIZED_AUTOS = YES_AGGRESSIVE;
				GCC_WARN_UNUSED_FUNCTION = YES;
				GCC_WARN_UNUSED_VARIABLE = YES;
				IPHONEOS_DEPLOYMENT_TARGET = 13.7;
				MTL_ENABLE_DEBUG_INFO = NO;
				MTL_FAST_MATH = YES;
				SDKROOT = iphoneos;
				SWIFT_COMPILATION_MODE = wholemodule;
				SWIFT_OPTIMIZATION_LEVEL = "-O";
				VALIDATE_PRODUCT = YES;
			};
			name = Release;
		};
		EF355AE4254045B000B260E6 /* Debug */ = {
			isa = XCBuildConfiguration;
			baseConfigurationReference = D8389969A86C86FC42F03C3C /* Pods-WhereGoWithoutSB.debug.xcconfig */;
			buildSettings = {
				ASSETCATALOG_COMPILER_APPICON_NAME = AppIcon;
				CODE_SIGN_STYLE = Automatic;
				DEVELOPMENT_TEAM = 6QT54KR6SA;
				INFOPLIST_FILE = WhereGoWithoutSB/Info.plist;
				LD_RUNPATH_SEARCH_PATHS = (
					"$(inherited)",
					"@executable_path/Frameworks",
				);
				PRODUCT_BUNDLE_IDENTIFIER = App.example.WhereGoWithoutSB;
				PRODUCT_NAME = Kolobok;
				SWIFT_VERSION = 5.0;
				TARGETED_DEVICE_FAMILY = "1,2";
			};
			name = Debug;
		};
		EF355AE5254045B000B260E6 /* Release */ = {
			isa = XCBuildConfiguration;
			baseConfigurationReference = 32413FC7EE826EE816762BCD /* Pods-WhereGoWithoutSB.release.xcconfig */;
			buildSettings = {
				ASSETCATALOG_COMPILER_APPICON_NAME = AppIcon;
				CODE_SIGN_STYLE = Automatic;
				DEVELOPMENT_TEAM = 6QT54KR6SA;
				INFOPLIST_FILE = WhereGoWithoutSB/Info.plist;
				LD_RUNPATH_SEARCH_PATHS = (
					"$(inherited)",
					"@executable_path/Frameworks",
				);
				PRODUCT_BUNDLE_IDENTIFIER = App.example.WhereGoWithoutSB;
				PRODUCT_NAME = Kolobok;
				SWIFT_VERSION = 5.0;
				TARGETED_DEVICE_FAMILY = "1,2";
			};
			name = Release;
		};
/* End XCBuildConfiguration section */

/* Begin XCConfigurationList section */
		EF355ACA254045AD00B260E6 /* Build configuration list for PBXProject "WhereGoWithoutSB" */ = {
			isa = XCConfigurationList;
			buildConfigurations = (
				EF355AE1254045B000B260E6 /* Debug */,
				EF355AE2254045B000B260E6 /* Release */,
			);
			defaultConfigurationIsVisible = 0;
			defaultConfigurationName = Release;
		};
		EF355AE3254045B000B260E6 /* Build configuration list for PBXNativeTarget "WhereGoWithoutSB" */ = {
			isa = XCConfigurationList;
			buildConfigurations = (
				EF355AE4254045B000B260E6 /* Debug */,
				EF355AE5254045B000B260E6 /* Release */,
			);
			defaultConfigurationIsVisible = 0;
			defaultConfigurationName = Release;
		};
/* End XCConfigurationList section */
	};
	rootObject = EF355AC7254045AD00B260E6 /* Project object */;
}
